// !$*UTF8*$!
{
	archiveVersion = 1;
	classes = {
	};
	objectVersion = 56;
	objects = {

/* Begin PBXBuildFile section */
		18AA6E6B2B83B05200ADC2B8 /* RoutineAppApp.swift in Sources */ = {isa = PBXBuildFile; fileRef = 18AA6E6A2B83B05200ADC2B8 /* RoutineAppApp.swift */; };
		18AA6E6D2B83B05200ADC2B8 /* ContentView.swift in Sources */ = {isa = PBXBuildFile; fileRef = 18AA6E6C2B83B05200ADC2B8 /* ContentView.swift */; };
		18AA6E6F2B83B05200ADC2B8 /* Item.swift in Sources */ = {isa = PBXBuildFile; fileRef = 18AA6E6E2B83B05200ADC2B8 /* Item.swift */; };
		18AA6E712B83B05400ADC2B8 /* Assets.xcassets in Resources */ = {isa = PBXBuildFile; fileRef = 18AA6E702B83B05400ADC2B8 /* Assets.xcassets */; };
		18AA6E742B83B05400ADC2B8 /* Preview Assets.xcassets in Resources */ = {isa = PBXBuildFile; fileRef = 18AA6E732B83B05400ADC2B8 /* Preview Assets.xcassets */; };
		18AA6E7E2B83B05400ADC2B8 /* RoutineAppTests.swift in Sources */ = {isa = PBXBuildFile; fileRef = 18AA6E7D2B83B05400ADC2B8 /* RoutineAppTests.swift */; };
		18AA6E882B83B05400ADC2B8 /* RoutineAppUITests.swift in Sources */ = {isa = PBXBuildFile; fileRef = 18AA6E872B83B05400ADC2B8 /* RoutineAppUITests.swift */; };
		18AA6E8A2B83B05400ADC2B8 /* RoutineAppUITestsLaunchTests.swift in Sources */ = {isa = PBXBuildFile; fileRef = 18AA6E892B83B05400ADC2B8 /* RoutineAppUITestsLaunchTests.swift */; };
/* End PBXBuildFile section */

/* Begin PBXContainerItemProxy section */
		18AA6E7A2B83B05400ADC2B8 /* PBXContainerItemProxy */ = {
			isa = PBXContainerItemProxy;
			containerPortal = 18AA6E5F2B83B05200ADC2B8 /* Project object */;
			proxyType = 1;
			remoteGlobalIDString = 18AA6E662B83B05200ADC2B8;
			remoteInfo = RoutineApp;
		};
		18AA6E842B83B05400ADC2B8 /* PBXContainerItemProxy */ = {
			isa = PBXContainerItemProxy;
			containerPortal = 18AA6E5F2B83B05200ADC2B8 /* Project object */;
			proxyType = 1;
			remoteGlobalIDString = 18AA6E662B83B05200ADC2B8;
			remoteInfo = RoutineApp;
		};
/* End PBXContainerItemProxy section */

/* Begin PBXFileReference section */
		18AA6E672B83B05200ADC2B8 /* RoutineApp.app */ = {isa = PBXFileReference; explicitFileType = wrapper.application; includeInIndex = 0; path = RoutineApp.app; sourceTree = BUILT_PRODUCTS_DIR; };
		18AA6E6A2B83B05200ADC2B8 /* RoutineAppApp.swift */ = {isa = PBXFileReference; lastKnownFileType = sourcecode.swift; path = RoutineAppApp.swift; sourceTree = "<group>"; };
		18AA6E6C2B83B05200ADC2B8 /* ContentView.swift */ = {isa = PBXFileReference; lastKnownFileType = sourcecode.swift; path = ContentView.swift; sourceTree = "<group>"; };
		18AA6E6E2B83B05200ADC2B8 /* Item.swift */ = {isa = PBXFileReference; lastKnownFileType = sourcecode.swift; path = Item.swift; sourceTree = "<group>"; };
		18AA6E702B83B05400ADC2B8 /* Assets.xcassets */ = {isa = PBXFileReference; lastKnownFileType = folder.assetcatalog; path = Assets.xcassets; sourceTree = "<group>"; };
		18AA6E732B83B05400ADC2B8 /* Preview Assets.xcassets */ = {isa = PBXFileReference; lastKnownFileType = folder.assetcatalog; path = "Preview Assets.xcassets"; sourceTree = "<group>"; };
		18AA6E792B83B05400ADC2B8 /* RoutineAppTests.xctest */ = {isa = PBXFileReference; explicitFileType = wrapper.cfbundle; includeInIndex = 0; path = RoutineAppTests.xctest; sourceTree = BUILT_PRODUCTS_DIR; };
		18AA6E7D2B83B05400ADC2B8 /* RoutineAppTests.swift */ = {isa = PBXFileReference; lastKnownFileType = sourcecode.swift; path = RoutineAppTests.swift; sourceTree = "<group>"; };
		18AA6E832B83B05400ADC2B8 /* RoutineAppUITests.xctest */ = {isa = PBXFileReference; explicitFileType = wrapper.cfbundle; includeInIndex = 0; path = RoutineAppUITests.xctest; sourceTree = BUILT_PRODUCTS_DIR; };
		18AA6E872B83B05400ADC2B8 /* RoutineAppUITests.swift */ = {isa = PBXFileReference; lastKnownFileType = sourcecode.swift; path = RoutineAppUITests.swift; sourceTree = "<group>"; };
		18AA6E892B83B05400ADC2B8 /* RoutineAppUITestsLaunchTests.swift */ = {isa = PBXFileReference; lastKnownFileType = sourcecode.swift; path = RoutineAppUITestsLaunchTests.swift; sourceTree = "<group>"; };
/* End PBXFileReference section */

/* Begin PBXFrameworksBuildPhase section */
		18AA6E642B83B05200ADC2B8 /* Frameworks */ = {
			isa = PBXFrameworksBuildPhase;
			buildActionMask = 2147483647;
			files = (
			);
			runOnlyForDeploymentPostprocessing = 0;
		};
		18AA6E762B83B05400ADC2B8 /* Frameworks */ = {
			isa = PBXFrameworksBuildPhase;
			buildActionMask = 2147483647;
			files = (
			);
			runOnlyForDeploymentPostprocessing = 0;
		};
		18AA6E802B83B05400ADC2B8 /* Frameworks */ = {
			isa = PBXFrameworksBuildPhase;
			buildActionMask = 2147483647;
			files = (
			);
			runOnlyForDeploymentPostprocessing = 0;
		};
/* End PBXFrameworksBuildPhase section */

/* Begin PBXGroup section */
		18AA6E5E2B83B05200ADC2B8 = {
			isa = PBXGroup;
			children = (
				18AA6E692B83B05200ADC2B8 /* RoutineApp */,
				18AA6E7C2B83B05400ADC2B8 /* RoutineAppTests */,
				18AA6E862B83B05400ADC2B8 /* RoutineAppUITests */,
				18AA6E682B83B05200ADC2B8 /* Products */,
			);
			sourceTree = "<group>";
		};
		18AA6E682B83B05200ADC2B8 /* Products */ = {
			isa = PBXGroup;
			children = (
				18AA6E672B83B05200ADC2B8 /* RoutineApp.app */,
				18AA6E792B83B05400ADC2B8 /* RoutineAppTests.xctest */,
				18AA6E832B83B05400ADC2B8 /* RoutineAppUITests.xctest */,
			);
			name = Products;
			sourceTree = "<group>";
		};
		18AA6E692B83B05200ADC2B8 /* RoutineApp */ = {
			isa = PBXGroup;
			children = (
				18AA6E6A2B83B05200ADC2B8 /* RoutineAppApp.swift */,
				18AA6E6C2B83B05200ADC2B8 /* ContentView.swift */,
				18AA6E6E2B83B05200ADC2B8 /* Item.swift */,
				18AA6E702B83B05400ADC2B8 /* Assets.xcassets */,
				18AA6E722B83B05400ADC2B8 /* Preview Content */,
			);
			path = RoutineApp;
			sourceTree = "<group>";
		};
		18AA6E722B83B05400ADC2B8 /* Preview Content */ = {
			isa = PBXGroup;
			children = (
				18AA6E732B83B05400ADC2B8 /* Preview Assets.xcassets */,
			);
			path = "Preview Content";
			sourceTree = "<group>";
		};
		18AA6E7C2B83B05400ADC2B8 /* RoutineAppTests */ = {
			isa = PBXGroup;
			children = (
				18AA6E7D2B83B05400ADC2B8 /* RoutineAppTests.swift */,
			);
			path = RoutineAppTests;
			sourceTree = "<group>";
		};
		18AA6E862B83B05400ADC2B8 /* RoutineAppUITests */ = {
			isa = PBXGroup;
			children = (
				18AA6E872B83B05400ADC2B8 /* RoutineAppUITests.swift */,
				18AA6E892B83B05400ADC2B8 /* RoutineAppUITestsLaunchTests.swift */,
			);
			path = RoutineAppUITests;
			sourceTree = "<group>";
		};
/* End PBXGroup section */

/* Begin PBXNativeTarget section */
		18AA6E662B83B05200ADC2B8 /* RoutineApp */ = {
			isa = PBXNativeTarget;
			buildConfigurationList = 18AA6E8D2B83B05400ADC2B8 /* Build configuration list for PBXNativeTarget "RoutineApp" */;
			buildPhases = (
				18AA6E632B83B05200ADC2B8 /* Sources */,
				18AA6E642B83B05200ADC2B8 /* Frameworks */,
				18AA6E652B83B05200ADC2B8 /* Resources */,
			);
			buildRules = (
			);
			dependencies = (
			);
			name = RoutineApp;
			productName = RoutineApp;
			productReference = 18AA6E672B83B05200ADC2B8 /* RoutineApp.app */;
			productType = "com.apple.product-type.application";
		};
		18AA6E782B83B05400ADC2B8 /* RoutineAppTests */ = {
			isa = PBXNativeTarget;
			buildConfigurationList = 18AA6E902B83B05400ADC2B8 /* Build configuration list for PBXNativeTarget "RoutineAppTests" */;
			buildPhases = (
				18AA6E752B83B05400ADC2B8 /* Sources */,
				18AA6E762B83B05400ADC2B8 /* Frameworks */,
				18AA6E772B83B05400ADC2B8 /* Resources */,
			);
			buildRules = (
			);
			dependencies = (
				18AA6E7B2B83B05400ADC2B8 /* PBXTargetDependency */,
			);
			name = RoutineAppTests;
			productName = RoutineAppTests;
			productReference = 18AA6E792B83B05400ADC2B8 /* RoutineAppTests.xctest */;
			productType = "com.apple.product-type.bundle.unit-test";
		};
		18AA6E822B83B05400ADC2B8 /* RoutineAppUITests */ = {
			isa = PBXNativeTarget;
			buildConfigurationList = 18AA6E932B83B05400ADC2B8 /* Build configuration list for PBXNativeTarget "RoutineAppUITests" */;
			buildPhases = (
				18AA6E7F2B83B05400ADC2B8 /* Sources */,
				18AA6E802B83B05400ADC2B8 /* Frameworks */,
				18AA6E812B83B05400ADC2B8 /* Resources */,
			);
			buildRules = (
			);
			dependencies = (
				18AA6E852B83B05400ADC2B8 /* PBXTargetDependency */,
			);
			name = RoutineAppUITests;
			productName = RoutineAppUITests;
			productReference = 18AA6E832B83B05400ADC2B8 /* RoutineAppUITests.xctest */;
			productType = "com.apple.product-type.bundle.ui-testing";
		};
/* End PBXNativeTarget section */

/* Begin PBXProject section */
		18AA6E5F2B83B05200ADC2B8 /* Project object */ = {
			isa = PBXProject;
			attributes = {
				BuildIndependentTargetsInParallel = 1;
				LastSwiftUpdateCheck = 1500;
				LastUpgradeCheck = 1500;
				TargetAttributes = {
					18AA6E662B83B05200ADC2B8 = {
						CreatedOnToolsVersion = 15.0;
					};
					18AA6E782B83B05400ADC2B8 = {
						CreatedOnToolsVersion = 15.0;
						TestTargetID = 18AA6E662B83B05200ADC2B8;
					};
					18AA6E822B83B05400ADC2B8 = {
						CreatedOnToolsVersion = 15.0;
						TestTargetID = 18AA6E662B83B05200ADC2B8;
					};
				};
			};
			buildConfigurationList = 18AA6E622B83B05200ADC2B8 /* Build configuration list for PBXProject "RoutineApp" */;
			compatibilityVersion = "Xcode 14.0";
			developmentRegion = en;
			hasScannedForEncodings = 0;
			knownRegions = (
				en,
				Base,
			);
			mainGroup = 18AA6E5E2B83B05200ADC2B8;
			productRefGroup = 18AA6E682B83B05200ADC2B8 /* Products */;
			projectDirPath = "";
			projectRoot = "";
			targets = (
				18AA6E662B83B05200ADC2B8 /* RoutineApp */,
				18AA6E782B83B05400ADC2B8 /* RoutineAppTests */,
				18AA6E822B83B05400ADC2B8 /* RoutineAppUITests */,
			);
		};
/* End PBXProject section */

/* Begin PBXResourcesBuildPhase section */
		18AA6E652B83B05200ADC2B8 /* Resources */ = {
			isa = PBXResourcesBuildPhase;
			buildActionMask = 2147483647;
			files = (
				18AA6E742B83B05400ADC2B8 /* Preview Assets.xcassets in Resources */,
				18AA6E712B83B05400ADC2B8 /* Assets.xcassets in Resources */,
			);
			runOnlyForDeploymentPostprocessing = 0;
		};
		18AA6E772B83B05400ADC2B8 /* Resources */ = {
			isa = PBXResourcesBuildPhase;
			buildActionMask = 2147483647;
			files = (
			);
			runOnlyForDeploymentPostprocessing = 0;
		};
		18AA6E812B83B05400ADC2B8 /* Resources */ = {
			isa = PBXResourcesBuildPhase;
			buildActionMask = 2147483647;
			files = (
			);
			runOnlyForDeploymentPostprocessing = 0;
		};
/* End PBXResourcesBuildPhase section */

/* Begin PBXSourcesBuildPhase section */
		18AA6E632B83B05200ADC2B8 /* Sources */ = {
			isa = PBXSourcesBuildPhase;
			buildActionMask = 2147483647;
			files = (
				18AA6E6D2B83B05200ADC2B8 /* ContentView.swift in Sources */,
				18AA6E6F2B83B05200ADC2B8 /* Item.swift in Sources */,
				18AA6E6B2B83B05200ADC2B8 /* RoutineAppApp.swift in Sources */,
			);
			runOnlyForDeploymentPostprocessing = 0;
		};
		18AA6E752B83B05400ADC2B8 /* Sources */ = {
			isa = PBXSourcesBuildPhase;
			buildActionMask = 2147483647;
			files = (
				18AA6E7E2B83B05400ADC2B8 /* RoutineAppTests.swift in Sources */,
			);
			runOnlyForDeploymentPostprocessing = 0;
		};
		18AA6E7F2B83B05400ADC2B8 /* Sources */ = {
			isa = PBXSourcesBuildPhase;
			buildActionMask = 2147483647;
			files = (
				18AA6E882B83B05400ADC2B8 /* RoutineAppUITests.swift in Sources */,
				18AA6E8A2B83B05400ADC2B8 /* RoutineAppUITestsLaunchTests.swift in Sources */,
			);
			runOnlyForDeploymentPostprocessing = 0;
		};
/* End PBXSourcesBuildPhase section */

/* Begin PBXTargetDependency section */
		18AA6E7B2B83B05400ADC2B8 /* PBXTargetDependency */ = {
			isa = PBXTargetDependency;
			target = 18AA6E662B83B05200ADC2B8 /* RoutineApp */;
			targetProxy = 18AA6E7A2B83B05400ADC2B8 /* PBXContainerItemProxy */;
		};
		18AA6E852B83B05400ADC2B8 /* PBXTargetDependency */ = {
			isa = PBXTargetDependency;
			target = 18AA6E662B83B05200ADC2B8 /* RoutineApp */;
			targetProxy = 18AA6E842B83B05400ADC2B8 /* PBXContainerItemProxy */;
		};
/* End PBXTargetDependency section */

/* Begin XCBuildConfiguration section */
		18AA6E8B2B83B05400ADC2B8 /* Debug */ = {
			isa = XCBuildConfiguration;
			buildSettings = {
				ALWAYS_SEARCH_USER_PATHS = NO;
				ASSETCATALOG_COMPILER_GENERATE_SWIFT_ASSET_SYMBOL_EXTENSIONS = YES;
				CLANG_ANALYZER_NONNULL = YES;
				CLANG_ANALYZER_NUMBER_OBJECT_CONVERSION = YES_AGGRESSIVE;
				CLANG_CXX_LANGUAGE_STANDARD = "gnu++20";
				CLANG_ENABLE_MODULES = YES;
				CLANG_ENABLE_OBJC_ARC = YES;
				CLANG_ENABLE_OBJC_WEAK = YES;
				CLANG_WARN_BLOCK_CAPTURE_AUTORELEASING = YES;
				CLANG_WARN_BOOL_CONVERSION = YES;
				CLANG_WARN_COMMA = YES;
				CLANG_WARN_CONSTANT_CONVERSION = YES;
				CLANG_WARN_DEPRECATED_OBJC_IMPLEMENTATIONS = YES;
				CLANG_WARN_DIRECT_OBJC_ISA_USAGE = YES_ERROR;
				CLANG_WARN_DOCUMENTATION_COMMENTS = YES;
				CLANG_WARN_EMPTY_BODY = YES;
				CLANG_WARN_ENUM_CONVERSION = YES;
				CLANG_WARN_INFINITE_RECURSION = YES;
				CLANG_WARN_INT_CONVERSION = YES;
				CLANG_WARN_NON_LITERAL_NULL_CONVERSION = YES;
				CLANG_WARN_OBJC_IMPLICIT_RETAIN_SELF = YES;
				CLANG_WARN_OBJC_LITERAL_CONVERSION = YES;
				CLANG_WARN_OBJC_ROOT_CLASS = YES_ERROR;
				CLANG_WARN_QUOTED_INCLUDE_IN_FRAMEWORK_HEADER = YES;
				CLANG_WARN_RANGE_LOOP_ANALYSIS = YES;
				CLANG_WARN_STRICT_PROTOTYPES = YES;
				CLANG_WARN_SUSPICIOUS_MOVE = YES;
				CLANG_WARN_UNGUARDED_AVAILABILITY = YES_AGGRESSIVE;
				CLANG_WARN_UNREACHABLE_CODE = YES;
				CLANG_WARN__DUPLICATE_METHOD_MATCH = YES;
				COPY_PHASE_STRIP = NO;
				DEBUG_INFORMATION_FORMAT = dwarf;
				ENABLE_STRICT_OBJC_MSGSEND = YES;
				ENABLE_TESTABILITY = YES;
				ENABLE_USER_SCRIPT_SANDBOXING = YES;
				GCC_C_LANGUAGE_STANDARD = gnu17;
				GCC_DYNAMIC_NO_PIC = NO;
				GCC_NO_COMMON_BLOCKS = YES;
				GCC_OPTIMIZATION_LEVEL = 0;
				GCC_PREPROCESSOR_DEFINITIONS = (
					"DEBUG=1",
					"$(inherited)",
				);
				GCC_WARN_64_TO_32_BIT_CONVERSION = YES;
				GCC_WARN_ABOUT_RETURN_TYPE = YES_ERROR;
				GCC_WARN_UNDECLARED_SELECTOR = YES;
				GCC_WARN_UNINITIALIZED_AUTOS = YES_AGGRESSIVE;
				GCC_WARN_UNUSED_FUNCTION = YES;
				GCC_WARN_UNUSED_VARIABLE = YES;
				IPHONEOS_DEPLOYMENT_TARGET = 17.0;
				LOCALIZATION_PREFERS_STRING_CATALOGS = YES;
				MTL_ENABLE_DEBUG_INFO = INCLUDE_SOURCE;
				MTL_FAST_MATH = YES;
				ONLY_ACTIVE_ARCH = YES;
				SDKROOT = iphoneos;
				SWIFT_ACTIVE_COMPILATION_CONDITIONS = "DEBUG $(inherited)";
				SWIFT_OPTIMIZATION_LEVEL = "-Onone";
			};
			name = Debug;
		};
		18AA6E8C2B83B05400ADC2B8 /* Release */ = {
			isa = XCBuildConfiguration;
			buildSettings = {
				ALWAYS_SEARCH_USER_PATHS = NO;
				ASSETCATALOG_COMPILER_GENERATE_SWIFT_ASSET_SYMBOL_EXTENSIONS = YES;
				CLANG_ANALYZER_NONNULL = YES;
				CLANG_ANALYZER_NUMBER_OBJECT_CONVERSION = YES_AGGRESSIVE;
				CLANG_CXX_LANGUAGE_STANDARD = "gnu++20";
				CLANG_ENABLE_MODULES = YES;
				CLANG_ENABLE_OBJC_ARC = YES;
				CLANG_ENABLE_OBJC_WEAK = YES;
				CLANG_WARN_BLOCK_CAPTURE_AUTORELEASING = YES;
				CLANG_WARN_BOOL_CONVERSION = YES;
				CLANG_WARN_COMMA = YES;
				CLANG_WARN_CONSTANT_CONVERSION = YES;
				CLANG_WARN_DEPRECATED_OBJC_IMPLEMENTATIONS = YES;
				CLANG_WARN_DIRECT_OBJC_ISA_USAGE = YES_ERROR;
				CLANG_WARN_DOCUMENTATION_COMMENTS = YES;
				CLANG_WARN_EMPTY_BODY = YES;
				CLANG_WARN_ENUM_CONVERSION = YES;
				CLANG_WARN_INFINITE_RECURSION = YES;
				CLANG_WARN_INT_CONVERSION = YES;
				CLANG_WARN_NON_LITERAL_NULL_CONVERSION = YES;
				CLANG_WARN_OBJC_IMPLICIT_RETAIN_SELF = YES;
				CLANG_WARN_OBJC_LITERAL_CONVERSION = YES;
				CLANG_WARN_OBJC_ROOT_CLASS = YES_ERROR;
				CLANG_WARN_QUOTED_INCLUDE_IN_FRAMEWORK_HEADER = YES;
				CLANG_WARN_RANGE_LOOP_ANALYSIS = YES;
				CLANG_WARN_STRICT_PROTOTYPES = YES;
				CLANG_WARN_SUSPICIOUS_MOVE = YES;
				CLANG_WARN_UNGUARDED_AVAILABILITY = YES_AGGRESSIVE;
				CLANG_WARN_UNREACHABLE_CODE = YES;
				CLANG_WARN__DUPLICATE_METHOD_MATCH = YES;
				COPY_PHASE_STRIP = NO;
				DEBUG_INFORMATION_FORMAT = "dwarf-with-dsym";
				ENABLE_NS_ASSERTIONS = NO;
				ENABLE_STRICT_OBJC_MSGSEND = YES;
				ENABLE_USER_SCRIPT_SANDBOXING = YES;
				GCC_C_LANGUAGE_STANDARD = gnu17;
				GCC_NO_COMMON_BLOCKS = YES;
				GCC_WARN_64_TO_32_BIT_CONVERSION = YES;
				GCC_WARN_ABOUT_RETURN_TYPE = YES_ERROR;
				GCC_WARN_UNDECLARED_SELECTOR = YES;
				GCC_WARN_UNINITIALIZED_AUTOS = YES_AGGRESSIVE;
				GCC_WARN_UNUSED_FUNCTION = YES;
				GCC_WARN_UNUSED_VARIABLE = YES;
				IPHONEOS_DEPLOYMENT_TARGET = 17.0;
				LOCALIZATION_PREFERS_STRING_CATALOGS = YES;
				MTL_ENABLE_DEBUG_INFO = NO;
				MTL_FAST_MATH = YES;
				SDKROOT = iphoneos;
				SWIFT_COMPILATION_MODE = wholemodule;
				VALIDATE_PRODUCT = YES;
			};
			name = Release;
		};
		18AA6E8E2B83B05400ADC2B8 /* Debug */ = {
			isa = XCBuildConfiguration;
			buildSettings = {
				ASSETCATALOG_COMPILER_APPICON_NAME = AppIcon;
				ASSETCATALOG_COMPILER_GLOBAL_ACCENT_COLOR_NAME = AccentColor;
				CODE_SIGN_STYLE = Automatic;
				CURRENT_PROJECT_VERSION = 1;
				DEVELOPMENT_ASSET_PATHS = "\"RoutineApp/Preview Content\"";
				DEVELOPMENT_TEAM = C7RX29D33F;
				ENABLE_PREVIEWS = YES;
				GENERATE_INFOPLIST_FILE = YES;
				INFOPLIST_KEY_UIApplicationSceneManifest_Generation = YES;
				INFOPLIST_KEY_UIApplicationSupportsIndirectInputEvents = YES;
				INFOPLIST_KEY_UILaunchScreen_Generation = YES;
				INFOPLIST_KEY_UISupportedInterfaceOrientations_iPad = "UIInterfaceOrientationPortrait UIInterfaceOrientationPortraitUpsideDown UIInterfaceOrientationLandscapeLeft UIInterfaceOrientationLandscapeRight";
				INFOPLIST_KEY_UISupportedInterfaceOrientations_iPhone = "UIInterfaceOrientationPortrait UIInterfaceOrientationLandscapeLeft UIInterfaceOrientationLandscapeRight";
				LD_RUNPATH_SEARCH_PATHS = (
					"$(inherited)",
					"@executable_path/Frameworks",
				);
				MARKETING_VERSION = 1.0;
				PRODUCT_BUNDLE_IDENTIFIER = ola.RoutineApp;
				PRODUCT_NAME = "$(TARGET_NAME)";
				SWIFT_EMIT_LOC_STRINGS = YES;
				SWIFT_VERSION = 5.0;
				TARGETED_DEVICE_FAMILY = "1,2";
			};
			name = Debug;
		};
		18AA6E8F2B83B05400ADC2B8 /* Release */ = {
			isa = XCBuildConfiguration;
			buildSettings = {
				ASSETCATALOG_COMPILER_APPICON_NAME = AppIcon;
				ASSETCATALOG_COMPILER_GLOBAL_ACCENT_COLOR_NAME = AccentColor;
				CODE_SIGN_STYLE = Automatic;
				CURRENT_PROJECT_VERSION = 1;
				DEVELOPMENT_ASSET_PATHS = "\"RoutineApp/Preview Content\"";
				DEVELOPMENT_TEAM = C7RX29D33F;
				ENABLE_PREVIEWS = YES;
				GENERATE_INFOPLIST_FILE = YES;
				INFOPLIST_KEY_UIApplicationSceneManifest_Generation = YES;
				INFOPLIST_KEY_UIApplicationSupportsIndirectInputEvents = YES;
				INFOPLIST_KEY_UILaunchScreen_Generation = YES;
				INFOPLIST_KEY_UISupportedInterfaceOrientations_iPad = "UIInterfaceOrientationPortrait UIInterfaceOrientationPortraitUpsideDown UIInterfaceOrientationLandscapeLeft UIInterfaceOrientationLandscapeRight";
				INFOPLIST_KEY_UISupportedInterfaceOrientations_iPhone = "UIInterfaceOrientationPortrait UIInterfaceOrientationLandscapeLeft UIInterfaceOrientationLandscapeRight";
				LD_RUNPATH_SEARCH_PATHS = (
					"$(inherited)",
					"@executable_path/Frameworks",
				);
				MARKETING_VERSION = 1.0;
				PRODUCT_BUNDLE_IDENTIFIER = ola.RoutineApp;
				PRODUCT_NAME = "$(TARGET_NAME)";
				SWIFT_EMIT_LOC_STRINGS = YES;
				SWIFT_VERSION = 5.0;
				TARGETED_DEVICE_FAMILY = "1,2";
			};
			name = Release;
		};
		18AA6E912B83B05400ADC2B8 /* Debug */ = {
			isa = XCBuildConfiguration;
			buildSettings = {
				ALWAYS_EMBED_SWIFT_STANDARD_LIBRARIES = YES;
				BUNDLE_LOADER = "$(TEST_HOST)";
				CODE_SIGN_STYLE = Automatic;
				CURRENT_PROJECT_VERSION = 1;
				DEVELOPMENT_TEAM = C7RX29D33F;
				GENERATE_INFOPLIST_FILE = YES;
				IPHONEOS_DEPLOYMENT_TARGET = 17.0;
				MARKETING_VERSION = 1.0;
				PRODUCT_BUNDLE_IDENTIFIER = ola.RoutineAppTests;
				PRODUCT_NAME = "$(TARGET_NAME)";
				SWIFT_EMIT_LOC_STRINGS = NO;
				SWIFT_VERSION = 5.0;
				TARGETED_DEVICE_FAMILY = "1,2";
				TEST_HOST = "$(BUILT_PRODUCTS_DIR)/RoutineApp.app/$(BUNDLE_EXECUTABLE_FOLDER_PATH)/RoutineApp";
			};
			name = Debug;
		};
		18AA6E922B83B05400ADC2B8 /* Release */ = {
			isa = XCBuildConfiguration;
			buildSettings = {
				ALWAYS_EMBED_SWIFT_STANDARD_LIBRARIES = YES;
				BUNDLE_LOADER = "$(TEST_HOST)";
				CODE_SIGN_STYLE = Automatic;
				CURRENT_PROJECT_VERSION = 1;
				DEVELOPMENT_TEAM = C7RX29D33F;
				GENERATE_INFOPLIST_FILE = YES;
				IPHONEOS_DEPLOYMENT_TARGET = 17.0;
				MARKETING_VERSION = 1.0;
				PRODUCT_BUNDLE_IDENTIFIER = ola.RoutineAppTests;
				PRODUCT_NAME = "$(TARGET_NAME)";
				SWIFT_EMIT_LOC_STRINGS = NO;
				SWIFT_VERSION = 5.0;
				TARGETED_DEVICE_FAMILY = "1,2";
				TEST_HOST = "$(BUILT_PRODUCTS_DIR)/RoutineApp.app/$(BUNDLE_EXECUTABLE_FOLDER_PATH)/RoutineApp";
			};
			name = Release;
		};
		18AA6E942B83B05400ADC2B8 /* Debug */ = {
			isa = XCBuildConfiguration;
			buildSettings = {
				ALWAYS_EMBED_SWIFT_STANDARD_LIBRARIES = YES;
				CODE_SIGN_STYLE = Automatic;
				CURRENT_PROJECT_VERSION = 1;
				DEVELOPMENT_TEAM = C7RX29D33F;
				GENERATE_INFOPLIST_FILE = YES;
				MARKETING_VERSION = 1.0;
				PRODUCT_BUNDLE_IDENTIFIER = ola.RoutineAppUITests;
				PRODUCT_NAME = "$(TARGET_NAME)";
				SWIFT_EMIT_LOC_STRINGS = NO;
				SWIFT_VERSION = 5.0;
				TARGETED_DEVICE_FAMILY = "1,2";
				TEST_TARGET_NAME = RoutineApp;
			};
			name = Debug;
		};
		18AA6E952B83B05400ADC2B8 /* Release */ = {
			isa = XCBuildConfiguration;
			buildSettings = {
				ALWAYS_EMBED_SWIFT_STANDARD_LIBRARIES = YES;
				CODE_SIGN_STYLE = Automatic;
				CURRENT_PROJECT_VERSION = 1;
				DEVELOPMENT_TEAM = C7RX29D33F;
				GENERATE_INFOPLIST_FILE = YES;
				MARKETING_VERSION = 1.0;
				PRODUCT_BUNDLE_IDENTIFIER = ola.RoutineAppUITests;
				PRODUCT_NAME = "$(TARGET_NAME)";
				SWIFT_EMIT_LOC_STRINGS = NO;
				SWIFT_VERSION = 5.0;
				TARGETED_DEVICE_FAMILY = "1,2";
				TEST_TARGET_NAME = RoutineApp;
			};
			name = Release;
		};
/* End XCBuildConfiguration section */

/* Begin XCConfigurationList section */
		18AA6E622B83B05200ADC2B8 /* Build configuration list for PBXProject "RoutineApp" */ = {
			isa = XCConfigurationList;
			buildConfigurations = (
				18AA6E8B2B83B05400ADC2B8 /* Debug */,
				18AA6E8C2B83B05400ADC2B8 /* Release */,
			);
			defaultConfigurationIsVisible = 0;
			defaultConfigurationName = Release;
		};
		18AA6E8D2B83B05400ADC2B8 /* Build configuration list for PBXNativeTarget "RoutineApp" */ = {
			isa = XCConfigurationList;
			buildConfigurations = (
				18AA6E8E2B83B05400ADC2B8 /* Debug */,
				18AA6E8F2B83B05400ADC2B8 /* Release */,
			);
			defaultConfigurationIsVisible = 0;
			defaultConfigurationName = Release;
		};
		18AA6E902B83B05400ADC2B8 /* Build configuration list for PBXNativeTarget "RoutineAppTests" */ = {
			isa = XCConfigurationList;
			buildConfigurations = (
				18AA6E912B83B05400ADC2B8 /* Debug */,
				18AA6E922B83B05400ADC2B8 /* Release */,
			);
			defaultConfigurationIsVisible = 0;
			defaultConfigurationName = Release;
		};
		18AA6E932B83B05400ADC2B8 /* Build configuration list for PBXNativeTarget "RoutineAppUITests" */ = {
			isa = XCConfigurationList;
			buildConfigurations = (
				18AA6E942B83B05400ADC2B8 /* Debug */,
				18AA6E952B83B05400ADC2B8 /* Release */,
			);
			defaultConfigurationIsVisible = 0;
			defaultConfigurationName = Release;
		};
/* End XCConfigurationList section */
	};
	rootObject = 18AA6E5F2B83B05200ADC2B8 /* Project object */;
}
